
Microsoft Visual Studio Solution File, Format Version 12.00
# Visual Studio Version 16
VisualStudioVersion = 16.0.29911.84
MinimumVisualStudioVersion = 10.0.40219.1
Project("{FAE04EC0-301F-11D3-BF4B-00C04F79EFBC}") = "3.  Numbers", "3.  Numbers.csproj", "{91700364-880E-43BF-A818-392BF46FE9D0}"
EndProject
Global
	GlobalSection(SolutionConfigurationPlatforms) = preSolution
		Debug|Any CPU = Debug|Any CPU
		Release|Any CPU = Release|Any CPU
	EndGlobalSection
	GlobalSection(ProjectConfigurationPlatforms) = postSolution
		{91700364-880E-43BF-A818-392BF46FE9D0}.Debug|Any CPU.ActiveCfg = Debug|Any CPU
		{91700364-880E-43BF-A818-392BF46FE9D0}.Debug|Any CPU.Build.0 = Debug|Any CPU
		{91700364-880E-43BF-A818-392BF46FE9D0}.Release|Any CPU.ActiveCfg = Release|Any CPU
		{91700364-880E-43BF-A818-392BF46FE9D0}.Release|Any CPU.Build.0 = Release|Any CPU
	EndGlobalSection
	GlobalSection(SolutionProperties) = preSolution
		HideSolutionNode = FALSE
	EndGlobalSection
	GlobalSection(ExtensibilityGlobals) = postSolution
		SolutionGuid = {B4766DA5-9A9F-447C-9E47-B9BAE529D0AD}
	EndGlobalSection
EndGlobal
