
Microsoft Visual Studio Solution File, Format Version 12.00
# Visual Studio Version 16
VisualStudioVersion = 16.0.29911.84
MinimumVisualStudioVersion = 10.0.40219.1
Project("{FAE04EC0-301F-11D3-BF4B-00C04F79EFBC}") = "2.  Strings", "2.  Strings.csproj", "{258E88BE-01AA-4DD4-89D1-8CF1BD27C13E}"
EndProject
Global
	GlobalSection(SolutionConfigurationPlatforms) = preSolution
		Debug|Any CPU = Debug|Any CPU
		Release|Any CPU = Release|Any CPU
	EndGlobalSection
	GlobalSection(ProjectConfigurationPlatforms) = postSolution
		{258E88BE-01AA-4DD4-89D1-8CF1BD27C13E}.Debug|Any CPU.ActiveCfg = Debug|Any CPU
		{258E88BE-01AA-4DD4-89D1-8CF1BD27C13E}.Debug|Any CPU.Build.0 = Debug|Any CPU
		{258E88BE-01AA-4DD4-89D1-8CF1BD27C13E}.Release|Any CPU.ActiveCfg = Release|Any CPU
		{258E88BE-01AA-4DD4-89D1-8CF1BD27C13E}.Release|Any CPU.Build.0 = Release|Any CPU
	EndGlobalSection
	GlobalSection(SolutionProperties) = preSolution
		HideSolutionNode = FALSE
	EndGlobalSection
	GlobalSection(ExtensibilityGlobals) = postSolution
		SolutionGuid = {3CFF15CD-969F-4248-B0F0-9CCEB9F7EC8B}
	EndGlobalSection
EndGlobal
